
Microsoft Visual Studio Solution File, Format Version 12.00
# Visual Studio Version 16
VisualStudioVersion = 16.0.809.6
MinimumVisualStudioVersion = 10.0.40219.1
Project("{FAE04EC0-301F-11D3-BF4B-00C04F79EFBC}") = "TabNav", "TabNav.csproj", "{28B225AC-BDD5-4EDC-871E-0B1803E056C3}"
EndProject
Global
	GlobalSection(SolutionConfigurationPlatforms) = preSolution
		Debug|Any CPU = Debug|Any CPU
		Release|Any CPU = Release|Any CPU
	EndGlobalSection
	GlobalSection(ProjectConfigurationPlatforms) = postSolution
		{28B225AC-BDD5-4EDC-871E-0B1803E056C3}.Debug|Any CPU.ActiveCfg = Debug|Any CPU
		{28B225AC-BDD5-4EDC-871E-0B1803E056C3}.Debug|Any CPU.Build.0 = Debug|Any CPU
		{28B225AC-BDD5-4EDC-871E-0B1803E056C3}.Release|Any CPU.ActiveCfg = Release|Any CPU
		{28B225AC-BDD5-4EDC-871E-0B1803E056C3}.Release|Any CPU.Build.0 = Release|Any CPU
	EndGlobalSection
	GlobalSection(SolutionProperties) = preSolution
		HideSolutionNode = FALSE
	EndGlobalSection
	GlobalSection(ExtensibilityGlobals) = postSolution
		SolutionGuid = {7A4592CB-A138-4494-A61A-3B6CBF35B192}
	EndGlobalSection
EndGlobal
